
Microsoft Visual Studio Solution File, Format Version 12.00
# Visual Studio Version 17
VisualStudioVersion = 17.14.36429.23 d17.14
MinimumVisualStudioVersion = 10.0.40219.1
Project("{8BC9CEB8-8B4A-11D0-8D11-00A0C91BC942}") = "mainprojectfile", "mainprojectfile\mainprojectfile.vcxproj", "{A8FC2727-E6FC-4BF5-9981-D66920876D7A}"
EndProject
Global
	GlobalSection(SolutionConfigurationPlatforms) = preSolution
		Debug|x64 = Debug|x64
		Debug|x86 = Debug|x86
		Release|x64 = Release|x64
		Release|x86 = Release|x86
	EndGlobalSection
	GlobalSection(ProjectConfigurationPlatforms) = postSolution
		{A8FC2727-E6FC-4BF5-9981-D66920876D7A}.Debug|x64.ActiveCfg = Debug|x64
		{A8FC2727-E6FC-4BF5-9981-D66920876D7A}.Debug|x64.Build.0 = Debug|x64
		{A8FC2727-E6FC-4BF5-9981-D66920876D7A}.Debug|x86.ActiveCfg = Debug|Win32
		{A8FC2727-E6FC-4BF5-9981-D66920876D7A}.Debug|x86.Build.0 = Debug|Win32
		{A8FC2727-E6FC-4BF5-9981-D66920876D7A}.Release|x64.ActiveCfg = Release|x64
		{A8FC2727-E6FC-4BF5-9981-D66920876D7A}.Release|x64.Build.0 = Release|x64
		{A8FC2727-E6FC-4BF5-9981-D66920876D7A}.Release|x86.ActiveCfg = Release|Win32
		{A8FC2727-E6FC-4BF5-9981-D66920876D7A}.Release|x86.Build.0 = Release|Win32
	EndGlobalSection
	GlobalSection(SolutionProperties) = preSolution
		HideSolutionNode = FALSE
	EndGlobalSection
	GlobalSection(ExtensibilityGlobals) = postSolution
		SolutionGuid = {31D69D8E-D259-4A90-B46B-E9C297757C61}
	EndGlobalSection
EndGlobal
